
Microsoft Visual Studio Solution File, Format Version 12.00
# Visual Studio 15
VisualStudioVersion = 15.0.27004.2009
MinimumVisualStudioVersion = 10.0.40219.1
Project("{FAE04EC0-301F-11D3-BF4B-00C04F79EFBC}") = "ScheduledWorker.App", "ScheduledWorker.App\ScheduledWorker.App.csproj", "{C5A26543-1AB6-46E7-BE2F-112991F0C065}"
EndProject
Project("{FAE04EC0-301F-11D3-BF4B-00C04F79EFBC}") = "ScheduledWorker.Library", "ScheduledWorker.Library\ScheduledWorker.Library.csproj", "{C77D3782-A3CF-4FE1-AFF0-E0C98E218105}"
EndProject
Project("{FAE04EC0-301F-11D3-BF4B-00C04F79EFBC}") = "ScheduledWorker.SampleTasks", "ScheduledWorker.SampleTasks\ScheduledWorker.SampleTasks.csproj", "{8DFCADE7-CF43-4102-9EEF-CA3C51B0D601}"
EndProject
Project("{FAE04EC0-301F-11D3-BF4B-00C04F79EFBC}") = "ScheduledWorker.Library.Tests", "ScheduledWorker.Library.Tests\ScheduledWorker.Library.Tests.csproj", "{55B6E21D-705F-4CEC-B421-91E44201395A}"
EndProject
Project("{FAE04EC0-301F-11D3-BF4B-00C04F79EFBC}") = "ScheduledWorker.Library.Mocks", "ScheduledWorker.Library.Mocks\ScheduledWorker.Library.Mocks.csproj", "{D4606218-A2B2-4729-9D0C-686C29E7BAA8}"
EndProject
Global
	GlobalSection(SolutionConfigurationPlatforms) = preSolution
		Debug|Any CPU = Debug|Any CPU
		Release|Any CPU = Release|Any CPU
	EndGlobalSection
	GlobalSection(ProjectConfigurationPlatforms) = postSolution
		{C5A26543-1AB6-46E7-BE2F-112991F0C065}.Debug|Any CPU.ActiveCfg = Debug|Any CPU
		{C5A26543-1AB6-46E7-BE2F-112991F0C065}.Debug|Any CPU.Build.0 = Debug|Any CPU
		{C5A26543-1AB6-46E7-BE2F-112991F0C065}.Release|Any CPU.ActiveCfg = Release|Any CPU
		{C5A26543-1AB6-46E7-BE2F-112991F0C065}.Release|Any CPU.Build.0 = Release|Any CPU
		{C77D3782-A3CF-4FE1-AFF0-E0C98E218105}.Debug|Any CPU.ActiveCfg = Debug|Any CPU
		{C77D3782-A3CF-4FE1-AFF0-E0C98E218105}.Debug|Any CPU.Build.0 = Debug|Any CPU
		{C77D3782-A3CF-4FE1-AFF0-E0C98E218105}.Release|Any CPU.ActiveCfg = Release|Any CPU
		{C77D3782-A3CF-4FE1-AFF0-E0C98E218105}.Release|Any CPU.Build.0 = Release|Any CPU
		{8DFCADE7-CF43-4102-9EEF-CA3C51B0D601}.Debug|Any CPU.ActiveCfg = Debug|Any CPU
		{8DFCADE7-CF43-4102-9EEF-CA3C51B0D601}.Debug|Any CPU.Build.0 = Debug|Any CPU
		{8DFCADE7-CF43-4102-9EEF-CA3C51B0D601}.Release|Any CPU.ActiveCfg = Release|Any CPU
		{8DFCADE7-CF43-4102-9EEF-CA3C51B0D601}.Release|Any CPU.Build.0 = Release|Any CPU
		{55B6E21D-705F-4CEC-B421-91E44201395A}.Debug|Any CPU.ActiveCfg = Debug|Any CPU
		{55B6E21D-705F-4CEC-B421-91E44201395A}.Debug|Any CPU.Build.0 = Debug|Any CPU
		{55B6E21D-705F-4CEC-B421-91E44201395A}.Release|Any CPU.ActiveCfg = Release|Any CPU
		{55B6E21D-705F-4CEC-B421-91E44201395A}.Release|Any CPU.Build.0 = Release|Any CPU
		{D4606218-A2B2-4729-9D0C-686C29E7BAA8}.Debug|Any CPU.ActiveCfg = Debug|Any CPU
		{D4606218-A2B2-4729-9D0C-686C29E7BAA8}.Debug|Any CPU.Build.0 = Debug|Any CPU
		{D4606218-A2B2-4729-9D0C-686C29E7BAA8}.Release|Any CPU.ActiveCfg = Release|Any CPU
		{D4606218-A2B2-4729-9D0C-686C29E7BAA8}.Release|Any CPU.Build.0 = Release|Any CPU
	EndGlobalSection
	GlobalSection(SolutionProperties) = preSolution
		HideSolutionNode = FALSE
	EndGlobalSection
	GlobalSection(ExtensibilityGlobals) = postSolution
		SolutionGuid = {BD18EAB6-04F2-4F57-B420-FD7D61EF2668}
	EndGlobalSection
EndGlobal
